
Microsoft Visual Studio Solution File, Format Version 12.00
# Visual Studio Version 17
VisualStudioVersion = 17.9.34714.143
MinimumVisualStudioVersion = 10.0.40219.1
Project("{FAE04EC0-301F-11D3-BF4B-00C04F79EFBC}") = "ICECream", "ICECream\ICECream.csproj", "{4E21F429-7C38-4ECF-BB9A-4BBBB6D67803}"
EndProject
Global
	GlobalSection(SolutionConfigurationPlatforms) = preSolution
		Debug|Any CPU = Debug|Any CPU
		Release|Any CPU = Release|Any CPU
	EndGlobalSection
	GlobalSection(ProjectConfigurationPlatforms) = postSolution
		{4E21F429-7C38-4ECF-BB9A-4BBBB6D67803}.Debug|Any CPU.ActiveCfg = Debug|Any CPU
		{4E21F429-7C38-4ECF-BB9A-4BBBB6D67803}.Debug|Any CPU.Build.0 = Debug|Any CPU
		{4E21F429-7C38-4ECF-BB9A-4BBBB6D67803}.Release|Any CPU.ActiveCfg = Release|Any CPU
		{4E21F429-7C38-4ECF-BB9A-4BBBB6D67803}.Release|Any CPU.Build.0 = Release|Any CPU
	EndGlobalSection
	GlobalSection(SolutionProperties) = preSolution
		HideSolutionNode = FALSE
	EndGlobalSection
	GlobalSection(ExtensibilityGlobals) = postSolution
		SolutionGuid = {6CB65D27-D172-492C-90B8-C68DDBF250C0}
	EndGlobalSection
EndGlobal
